
Microsoft Visual Studio Solution File, Format Version 12.00
# Visual Studio 15
VisualStudioVersion = 15.0.26403.7
MinimumVisualStudioVersion = 10.0.40219.1
Project("{9A19103F-16F7-4668-BE54-9A1E7A4F7556}") = "EvilCorp.SlackStorage.WebApi.WebHost", "EvilCorp.SlackStorage.WebBusinessApi.WebHost\EvilCorp.SlackStorage.WebApi.WebHost.csproj", "{FDF01EFE-9DB3-4475-97C2-BD718EA71D99}"
EndProject
Project("{E53339B2-1760-4266-BCC7-CA923CBCF16C}") = "docker-compose", "docker-compose.dcproj", "{B6177A3C-6C53-49AD-9C94-84F2D97C8BD2}"
EndProject
Project("{9A19103F-16F7-4668-BE54-9A1E7A4F7556}") = "EvilCorp.SlackStorage.WebApi.Business", "..\Application\EvilCorp.SlackStorage.WebApi.Business.csproj", "{9C1B4F79-D3A7-4E0A-BDB2-32E7CD4230B2}"
	ProjectSection(ProjectDependencies) = postProject
		{AA305823-50D1-49C2-851C-7F7F1C8FDB73} = {AA305823-50D1-49C2-851C-7F7F1C8FDB73}
	EndProjectSection
EndProject
Project("{9A19103F-16F7-4668-BE54-9A1E7A4F7556}") = "EvilCorp.SlackStorage.WebApi.Domain", "..\Domain\EvilCorp.SlackStorage.WebApi.Domain.csproj", "{AA305823-50D1-49C2-851C-7F7F1C8FDB73}"
EndProject
Project("{9A19103F-16F7-4668-BE54-9A1E7A4F7556}") = "EvilCorp.SlackStorage.WebApi.Data", "EvilCorp.SlackStorage.WebBusinessApi.DataAccess\EvilCorp.SlackStorage.WebApi.Data.csproj", "{3DB961B7-07CE-4059-87D5-3CD05F44754F}"
EndProject
Project("{2150E333-8FDC-42A3-9474-1A3956D46DE8}") = "10 Presentation Layer", "10 Presentation Layer", "{9B8085C4-DE83-45C4-9039-1E20DA8B881D}"
EndProject
Project("{2150E333-8FDC-42A3-9474-1A3956D46DE8}") = "20 Business Layer", "20 Business Layer", "{21F1C9CE-4B53-4339-9C12-5F46171306FE}"
EndProject
Project("{2150E333-8FDC-42A3-9474-1A3956D46DE8}") = "30 Domain Layer", "30 Domain Layer", "{517B40D5-4616-48DE-BFCA-186E7DB150A7}"
EndProject
Project("{2150E333-8FDC-42A3-9474-1A3956D46DE8}") = "40 Data Layer", "40 Data Layer", "{2F238CEC-8F2B-4E36-B897-4B8D45FC0DBF}"
EndProject
Project("{9A19103F-16F7-4668-BE54-9A1E7A4F7556}") = "EvilCorp.SlackStorage.WebApi.Business.Tests", "..\EvilCorp.SlackStorage.WebBusinessApi.Application.Test\EvilCorp.SlackStorage.WebApi.Business.Tests.csproj", "{54B1F3B6-0AC4-4B1F-85EA-163A21FA1407}"
EndProject
Project("{2150E333-8FDC-42A3-9474-1A3956D46DE8}") = "50 Cross Cutting Layer", "50 Cross Cutting Layer", "{D7766575-A152-44A1-A945-F5F1038E0941}"
EndProject
Project("{9A19103F-16F7-4668-BE54-9A1E7A4F7556}") = "EvilCorp.SlackStorage.WebApi.CrossCutting.Testing", "..\EvilCorp.SlackStorage.WebBusinessApi.Testing\EvilCorp.SlackStorage.WebApi.CrossCutting.Testing.csproj", "{C5738165-3B3E-4924-9489-0EC2925F07A4}"
EndProject
Global
	GlobalSection(SolutionConfigurationPlatforms) = preSolution
		Debug|Any CPU = Debug|Any CPU
		Release|Any CPU = Release|Any CPU
	EndGlobalSection
	GlobalSection(ProjectConfigurationPlatforms) = postSolution
		{FDF01EFE-9DB3-4475-97C2-BD718EA71D99}.Debug|Any CPU.ActiveCfg = Debug|Any CPU
		{FDF01EFE-9DB3-4475-97C2-BD718EA71D99}.Debug|Any CPU.Build.0 = Debug|Any CPU
		{FDF01EFE-9DB3-4475-97C2-BD718EA71D99}.Release|Any CPU.ActiveCfg = Release|Any CPU
		{FDF01EFE-9DB3-4475-97C2-BD718EA71D99}.Release|Any CPU.Build.0 = Release|Any CPU
		{B6177A3C-6C53-49AD-9C94-84F2D97C8BD2}.Debug|Any CPU.ActiveCfg = Debug|Any CPU
		{B6177A3C-6C53-49AD-9C94-84F2D97C8BD2}.Debug|Any CPU.Build.0 = Debug|Any CPU
		{B6177A3C-6C53-49AD-9C94-84F2D97C8BD2}.Release|Any CPU.ActiveCfg = Release|Any CPU
		{B6177A3C-6C53-49AD-9C94-84F2D97C8BD2}.Release|Any CPU.Build.0 = Release|Any CPU
		{9C1B4F79-D3A7-4E0A-BDB2-32E7CD4230B2}.Debug|Any CPU.ActiveCfg = Debug|Any CPU
		{9C1B4F79-D3A7-4E0A-BDB2-32E7CD4230B2}.Debug|Any CPU.Build.0 = Debug|Any CPU
		{9C1B4F79-D3A7-4E0A-BDB2-32E7CD4230B2}.Release|Any CPU.ActiveCfg = Release|Any CPU
		{9C1B4F79-D3A7-4E0A-BDB2-32E7CD4230B2}.Release|Any CPU.Build.0 = Release|Any CPU
		{AA305823-50D1-49C2-851C-7F7F1C8FDB73}.Debug|Any CPU.ActiveCfg = Debug|Any CPU
		{AA305823-50D1-49C2-851C-7F7F1C8FDB73}.Debug|Any CPU.Build.0 = Debug|Any CPU
		{AA305823-50D1-49C2-851C-7F7F1C8FDB73}.Release|Any CPU.ActiveCfg = Release|Any CPU
		{AA305823-50D1-49C2-851C-7F7F1C8FDB73}.Release|Any CPU.Build.0 = Release|Any CPU
		{3DB961B7-07CE-4059-87D5-3CD05F44754F}.Debug|Any CPU.ActiveCfg = Debug|Any CPU
		{3DB961B7-07CE-4059-87D5-3CD05F44754F}.Debug|Any CPU.Build.0 = Debug|Any CPU
		{3DB961B7-07CE-4059-87D5-3CD05F44754F}.Release|Any CPU.ActiveCfg = Release|Any CPU
		{3DB961B7-07CE-4059-87D5-3CD05F44754F}.Release|Any CPU.Build.0 = Release|Any CPU
		{54B1F3B6-0AC4-4B1F-85EA-163A21FA1407}.Debug|Any CPU.ActiveCfg = Debug|Any CPU
		{54B1F3B6-0AC4-4B1F-85EA-163A21FA1407}.Debug|Any CPU.Build.0 = Debug|Any CPU
		{54B1F3B6-0AC4-4B1F-85EA-163A21FA1407}.Release|Any CPU.ActiveCfg = Release|Any CPU
		{54B1F3B6-0AC4-4B1F-85EA-163A21FA1407}.Release|Any CPU.Build.0 = Release|Any CPU
		{C5738165-3B3E-4924-9489-0EC2925F07A4}.Debug|Any CPU.ActiveCfg = Debug|Any CPU
		{C5738165-3B3E-4924-9489-0EC2925F07A4}.Debug|Any CPU.Build.0 = Debug|Any CPU
		{C5738165-3B3E-4924-9489-0EC2925F07A4}.Release|Any CPU.ActiveCfg = Release|Any CPU
		{C5738165-3B3E-4924-9489-0EC2925F07A4}.Release|Any CPU.Build.0 = Release|Any CPU
	EndGlobalSection
	GlobalSection(SolutionProperties) = preSolution
		HideSolutionNode = FALSE
	EndGlobalSection
	GlobalSection(NestedProjects) = preSolution
		{FDF01EFE-9DB3-4475-97C2-BD718EA71D99} = {9B8085C4-DE83-45C4-9039-1E20DA8B881D}
		{9C1B4F79-D3A7-4E0A-BDB2-32E7CD4230B2} = {21F1C9CE-4B53-4339-9C12-5F46171306FE}
		{AA305823-50D1-49C2-851C-7F7F1C8FDB73} = {517B40D5-4616-48DE-BFCA-186E7DB150A7}
		{3DB961B7-07CE-4059-87D5-3CD05F44754F} = {2F238CEC-8F2B-4E36-B897-4B8D45FC0DBF}
		{54B1F3B6-0AC4-4B1F-85EA-163A21FA1407} = {21F1C9CE-4B53-4339-9C12-5F46171306FE}
		{C5738165-3B3E-4924-9489-0EC2925F07A4} = {D7766575-A152-44A1-A945-F5F1038E0941}
	EndGlobalSection
EndGlobal
