
Microsoft Visual Studio Solution File, Format Version 12.00
# Visual Studio 15
VisualStudioVersion = 15.0.26403.7
MinimumVisualStudioVersion = 10.0.40219.1
Project("{E53339B2-1760-4266-BCC7-CA923CBCF16C}") = "docker-compose", "docker-compose.dcproj", "{B6177A3C-6C53-49AD-9C94-84F2D97C8BD2}"
EndProject
Project("{2150E333-8FDC-42A3-9474-1A3956D46DE8}") = "10 Presentation Layer", "10 Presentation Layer", "{9B8085C4-DE83-45C4-9039-1E20DA8B881D}"
EndProject
Project("{2150E333-8FDC-42A3-9474-1A3956D46DE8}") = "20 Business Layer", "20 Business Layer", "{21F1C9CE-4B53-4339-9C12-5F46171306FE}"
EndProject
Project("{2150E333-8FDC-42A3-9474-1A3956D46DE8}") = "30 Domain Layer", "30 Domain Layer", "{517B40D5-4616-48DE-BFCA-186E7DB150A7}"
EndProject
Project("{2150E333-8FDC-42A3-9474-1A3956D46DE8}") = "40 Data Layer", "40 Data Layer", "{2F238CEC-8F2B-4E36-B897-4B8D45FC0DBF}"
EndProject
Project("{2150E333-8FDC-42A3-9474-1A3956D46DE8}") = "50 Cross Cutting Layer", "50 Cross Cutting Layer", "{D7766575-A152-44A1-A945-F5F1038E0941}"
EndProject
Project("{9A19103F-16F7-4668-BE54-9A1E7A4F7556}") = "WebApi.Business", "WebApi.Business\WebApi.Business.csproj", "{3562C463-9783-4A0A-955E-6CAABABC90FE}"
EndProject
Project("{9A19103F-16F7-4668-BE54-9A1E7A4F7556}") = "WebApi.Business.UnitTests", "WebApi.Business.UnitTests\WebApi.Business.UnitTests.csproj", "{9D8E9CD7-0BF6-4BC1-B70F-19199A0BFCC5}"
EndProject
Project("{9A19103F-16F7-4668-BE54-9A1E7A4F7556}") = "WebApi.Domain", "WebApi.Domain\WebApi.Domain.csproj", "{E8DA658C-9F8B-499C-80C4-696D82C23193}"
EndProject
Project("{9A19103F-16F7-4668-BE54-9A1E7A4F7556}") = "WebApi.Data", "WebApi.Data\WebApi.Data.csproj", "{6F794E7F-260F-4CBE-B49C-2FA266F9EE4E}"
EndProject
Project("{9A19103F-16F7-4668-BE54-9A1E7A4F7556}") = "WebApi.CrossCutting.Testing", "WebApi.CrossCutting.Testing\WebApi.CrossCutting.Testing.csproj", "{FFAE1AB8-941D-49E5-92F6-A11705003737}"
EndProject
Project("{9A19103F-16F7-4668-BE54-9A1E7A4F7556}") = "WebApi.WebHost", "WebApi.WebHost\WebApi.WebHost.csproj", "{75610909-D9BE-4FF4-9FDD-0D397E67B0C3}"
EndProject
Global
	GlobalSection(SolutionConfigurationPlatforms) = preSolution
		Debug|Any CPU = Debug|Any CPU
		Release|Any CPU = Release|Any CPU
	EndGlobalSection
	GlobalSection(ProjectConfigurationPlatforms) = postSolution
		{B6177A3C-6C53-49AD-9C94-84F2D97C8BD2}.Debug|Any CPU.ActiveCfg = Debug|Any CPU
		{B6177A3C-6C53-49AD-9C94-84F2D97C8BD2}.Debug|Any CPU.Build.0 = Debug|Any CPU
		{B6177A3C-6C53-49AD-9C94-84F2D97C8BD2}.Release|Any CPU.ActiveCfg = Release|Any CPU
		{B6177A3C-6C53-49AD-9C94-84F2D97C8BD2}.Release|Any CPU.Build.0 = Release|Any CPU
		{3562C463-9783-4A0A-955E-6CAABABC90FE}.Debug|Any CPU.ActiveCfg = Debug|Any CPU
		{3562C463-9783-4A0A-955E-6CAABABC90FE}.Debug|Any CPU.Build.0 = Debug|Any CPU
		{3562C463-9783-4A0A-955E-6CAABABC90FE}.Release|Any CPU.ActiveCfg = Release|Any CPU
		{3562C463-9783-4A0A-955E-6CAABABC90FE}.Release|Any CPU.Build.0 = Release|Any CPU
		{9D8E9CD7-0BF6-4BC1-B70F-19199A0BFCC5}.Debug|Any CPU.ActiveCfg = Debug|Any CPU
		{9D8E9CD7-0BF6-4BC1-B70F-19199A0BFCC5}.Debug|Any CPU.Build.0 = Debug|Any CPU
		{9D8E9CD7-0BF6-4BC1-B70F-19199A0BFCC5}.Release|Any CPU.ActiveCfg = Release|Any CPU
		{9D8E9CD7-0BF6-4BC1-B70F-19199A0BFCC5}.Release|Any CPU.Build.0 = Release|Any CPU
		{E8DA658C-9F8B-499C-80C4-696D82C23193}.Debug|Any CPU.ActiveCfg = Debug|Any CPU
		{E8DA658C-9F8B-499C-80C4-696D82C23193}.Debug|Any CPU.Build.0 = Debug|Any CPU
		{E8DA658C-9F8B-499C-80C4-696D82C23193}.Release|Any CPU.ActiveCfg = Release|Any CPU
		{E8DA658C-9F8B-499C-80C4-696D82C23193}.Release|Any CPU.Build.0 = Release|Any CPU
		{6F794E7F-260F-4CBE-B49C-2FA266F9EE4E}.Debug|Any CPU.ActiveCfg = Debug|Any CPU
		{6F794E7F-260F-4CBE-B49C-2FA266F9EE4E}.Debug|Any CPU.Build.0 = Debug|Any CPU
		{6F794E7F-260F-4CBE-B49C-2FA266F9EE4E}.Release|Any CPU.ActiveCfg = Release|Any CPU
		{6F794E7F-260F-4CBE-B49C-2FA266F9EE4E}.Release|Any CPU.Build.0 = Release|Any CPU
		{FFAE1AB8-941D-49E5-92F6-A11705003737}.Debug|Any CPU.ActiveCfg = Debug|Any CPU
		{FFAE1AB8-941D-49E5-92F6-A11705003737}.Debug|Any CPU.Build.0 = Debug|Any CPU
		{FFAE1AB8-941D-49E5-92F6-A11705003737}.Release|Any CPU.ActiveCfg = Release|Any CPU
		{FFAE1AB8-941D-49E5-92F6-A11705003737}.Release|Any CPU.Build.0 = Release|Any CPU
		{75610909-D9BE-4FF4-9FDD-0D397E67B0C3}.Debug|Any CPU.ActiveCfg = Debug|Any CPU
		{75610909-D9BE-4FF4-9FDD-0D397E67B0C3}.Debug|Any CPU.Build.0 = Debug|Any CPU
		{75610909-D9BE-4FF4-9FDD-0D397E67B0C3}.Release|Any CPU.ActiveCfg = Release|Any CPU
		{75610909-D9BE-4FF4-9FDD-0D397E67B0C3}.Release|Any CPU.Build.0 = Release|Any CPU
	EndGlobalSection
	GlobalSection(SolutionProperties) = preSolution
		HideSolutionNode = FALSE
	EndGlobalSection
	GlobalSection(NestedProjects) = preSolution
		{3562C463-9783-4A0A-955E-6CAABABC90FE} = {21F1C9CE-4B53-4339-9C12-5F46171306FE}
		{9D8E9CD7-0BF6-4BC1-B70F-19199A0BFCC5} = {21F1C9CE-4B53-4339-9C12-5F46171306FE}
		{E8DA658C-9F8B-499C-80C4-696D82C23193} = {517B40D5-4616-48DE-BFCA-186E7DB150A7}
		{6F794E7F-260F-4CBE-B49C-2FA266F9EE4E} = {2F238CEC-8F2B-4E36-B897-4B8D45FC0DBF}
		{FFAE1AB8-941D-49E5-92F6-A11705003737} = {D7766575-A152-44A1-A945-F5F1038E0941}
		{75610909-D9BE-4FF4-9FDD-0D397E67B0C3} = {9B8085C4-DE83-45C4-9039-1E20DA8B881D}
	EndGlobalSection
EndGlobal
